// !$*UTF8*$!
{
	archiveVersion = 1;
	classes = {
	};
	objectVersion = 46;
	objects = {

/* Begin PBXBuildFile section */
		161C2E481B0CBFC8009F51D1 /* AppDelegate.swift in Sources */ = {isa = PBXBuildFile; fileRef = 161C2E471B0CBFC8009F51D1 /* AppDelegate.swift */; };
		161C2E4A1B0CBFC8009F51D1 /* ViewController.swift in Sources */ = {isa = PBXBuildFile; fileRef = 161C2E491B0CBFC8009F51D1 /* ViewController.swift */; };
		161C2E4D1B0CBFC8009F51D1 /* Main.storyboard in Resources */ = {isa = PBXBuildFile; fileRef = 161C2E4B1B0CBFC8009F51D1 /* Main.storyboard */; };
		161C2E4F1B0CBFC8009F51D1 /* Images.xcassets in Resources */ = {isa = PBXBuildFile; fileRef = 161C2E4E1B0CBFC8009F51D1 /* Images.xcassets */; };
		161C2E521B0CBFC8009F51D1 /* LaunchScreen.xib in Resources */ = {isa = PBXBuildFile; fileRef = 161C2E501B0CBFC8009F51D1 /* LaunchScreen.xib */; };
		161C2E5E1B0CBFC8009F51D1 /* TextFieldExTests.swift in Sources */ = {isa = PBXBuildFile; fileRef = 161C2E5D1B0CBFC8009F51D1 /* TextFieldExTests.swift */; };
/* End PBXBuildFile section */

/* Begin PBXContainerItemProxy section */
		161C2E581B0CBFC8009F51D1 /* PBXContainerItemProxy */ = {
			isa = PBXContainerItemProxy;
			containerPortal = 161C2E3A1B0CBFC8009F51D1 /* Project object */;
			proxyType = 1;
			remoteGlobalIDString = 161C2E411B0CBFC8009F51D1;
			remoteInfo = TextFieldEx;
		};
/* End PBXContainerItemProxy section */

/* Begin PBXFileReference section */
		161C2E421B0CBFC8009F51D1 /* TextFieldEx.app */ = {isa = PBXFileReference; explicitFileType = wrapper.application; includeInIndex = 0; path = TextFieldEx.app; sourceTree = BUILT_PRODUCTS_DIR; };
		161C2E461B0CBFC8009F51D1 /* Info.plist */ = {isa = PBXFileReference; lastKnownFileType = text.plist.xml; path = Info.plist; sourceTree = "<group>"; };
		161C2E471B0CBFC8009F51D1 /* AppDelegate.swift */ = {isa = PBXFileReference; lastKnownFileType = sourcecode.swift; path = AppDelegate.swift; sourceTree = "<group>"; };
		161C2E491B0CBFC8009F51D1 /* ViewController.swift */ = {isa = PBXFileReference; lastKnownFileType = sourcecode.swift; path = ViewController.swift; sourceTree = "<group>"; };
		161C2E4C1B0CBFC8009F51D1 /* Base */ = {isa = PBXFileReference; lastKnownFileType = file.storyboard; name = Base; path = Base.lproj/Main.storyboard; sourceTree = "<group>"; };
		161C2E4E1B0CBFC8009F51D1 /* Images.xcassets */ = {isa = PBXFileReference; lastKnownFileType = folder.assetcatalog; path = Images.xcassets; sourceTree = "<group>"; };
		161C2E511B0CBFC8009F51D1 /* Base */ = {isa = PBXFileReference; lastKnownFileType = file.xib; name = Base; path = Base.lproj/LaunchScreen.xib; sourceTree = "<group>"; };
		161C2E571B0CBFC8009F51D1 /* TextFieldExTests.xctest */ = {isa = PBXFileReference; explicitFileType = wrapper.cfbundle; includeInIndex = 0; path = TextFieldExTests.xctest; sourceTree = BUILT_PRODUCTS_DIR; };
		161C2E5C1B0CBFC8009F51D1 /* Info.plist */ = {isa = PBXFileReference; lastKnownFileType = text.plist.xml; path = Info.plist; sourceTree = "<group>"; };
		161C2E5D1B0CBFC8009F51D1 /* TextFieldExTests.swift */ = {isa = PBXFileReference; lastKnownFileType = sourcecode.swift; path = TextFieldExTests.swift; sourceTree = "<group>"; };
/* End PBXFileReference section */

/* Begin PBXFrameworksBuildPhase section */
		161C2E3F1B0CBFC8009F51D1 /* Frameworks */ = {
			isa = PBXFrameworksBuildPhase;
			buildActionMask = 2147483647;
			files = (
			);
			runOnlyForDeploymentPostprocessing = 0;
		};
		161C2E541B0CBFC8009F51D1 /* Frameworks */ = {
			isa = PBXFrameworksBuildPhase;
			buildActionMask = 2147483647;
			files = (
			);
			runOnlyForDeploymentPostprocessing = 0;
		};
/* End PBXFrameworksBuildPhase section */

/* Begin PBXGroup section */
		161C2E391B0CBFC8009F51D1 = {
			isa = PBXGroup;
			children = (
				161C2E441B0CBFC8009F51D1 /* TextFieldEx */,
				161C2E5A1B0CBFC8009F51D1 /* TextFieldExTests */,
				161C2E431B0CBFC8009F51D1 /* Products */,
			);
			sourceTree = "<group>";
		};
		161C2E431B0CBFC8009F51D1 /* Products */ = {
			isa = PBXGroup;
			children = (
				161C2E421B0CBFC8009F51D1 /* TextFieldEx.app */,
				161C2E571B0CBFC8009F51D1 /* TextFieldExTests.xctest */,
			);
			name = Products;
			sourceTree = "<group>";
		};
		161C2E441B0CBFC8009F51D1 /* TextFieldEx */ = {
			isa = PBXGroup;
			children = (
				161C2E471B0CBFC8009F51D1 /* AppDelegate.swift */,
				161C2E491B0CBFC8009F51D1 /* ViewController.swift */,
				161C2E4B1B0CBFC8009F51D1 /* Main.storyboard */,
				161C2E4E1B0CBFC8009F51D1 /* Images.xcassets */,
				161C2E501B0CBFC8009F51D1 /* LaunchScreen.xib */,
				161C2E451B0CBFC8009F51D1 /* Supporting Files */,
			);
			path = TextFieldEx;
			sourceTree = "<group>";
		};
		161C2E451B0CBFC8009F51D1 /* Supporting Files */ = {
			isa = PBXGroup;
			children = (
				161C2E461B0CBFC8009F51D1 /* Info.plist */,
			);
			name = "Supporting Files";
			sourceTree = "<group>";
		};
		161C2E5A1B0CBFC8009F51D1 /* TextFieldExTests */ = {
			isa = PBXGroup;
			children = (
				161C2E5D1B0CBFC8009F51D1 /* TextFieldExTests.swift */,
				161C2E5B1B0CBFC8009F51D1 /* Supporting Files */,
			);
			path = TextFieldExTests;
			sourceTree = "<group>";
		};
		161C2E5B1B0CBFC8009F51D1 /* Supporting Files */ = {
			isa = PBXGroup;
			children = (
				161C2E5C1B0CBFC8009F51D1 /* Info.plist */,
			);
			name = "Supporting Files";
			sourceTree = "<group>";
		};
/* End PBXGroup section */

/* Begin PBXNativeTarget section */
		161C2E411B0CBFC8009F51D1 /* TextFieldEx */ = {
			isa = PBXNativeTarget;
			buildConfigurationList = 161C2E611B0CBFC8009F51D1 /* Build configuration list for PBXNativeTarget "TextFieldEx" */;
			buildPhases = (
				161C2E3E1B0CBFC8009F51D1 /* Sources */,
				161C2E3F1B0CBFC8009F51D1 /* Frameworks */,
				161C2E401B0CBFC8009F51D1 /* Resources */,
			);
			buildRules = (
			);
			dependencies = (
			);
			name = TextFieldEx;
			productName = TextFieldEx;
			productReference = 161C2E421B0CBFC8009F51D1 /* TextFieldEx.app */;
			productType = "com.apple.product-type.application";
		};
		161C2E561B0CBFC8009F51D1 /* TextFieldExTests */ = {
			isa = PBXNativeTarget;
			buildConfigurationList = 161C2E641B0CBFC8009F51D1 /* Build configuration list for PBXNativeTarget "TextFieldExTests" */;
			buildPhases = (
				161C2E531B0CBFC8009F51D1 /* Sources */,
				161C2E541B0CBFC8009F51D1 /* Frameworks */,
				161C2E551B0CBFC8009F51D1 /* Resources */,
			);
			buildRules = (
			);
			dependencies = (
				161C2E591B0CBFC8009F51D1 /* PBXTargetDependency */,
			);
			name = TextFieldExTests;
			productName = TextFieldExTests;
			productReference = 161C2E571B0CBFC8009F51D1 /* TextFieldExTests.xctest */;
			productType = "com.apple.product-type.bundle.unit-test";
		};
/* End PBXNativeTarget section */

/* Begin PBXProject section */
		161C2E3A1B0CBFC8009F51D1 /* Project object */ = {
			isa = PBXProject;
			attributes = {
				LastUpgradeCheck = 0630;
				ORGANIZATIONNAME = "Peppermint Club";
				TargetAttributes = {
					161C2E411B0CBFC8009F51D1 = {
						CreatedOnToolsVersion = 6.3;
					};
					161C2E561B0CBFC8009F51D1 = {
						CreatedOnToolsVersion = 6.3;
						TestTargetID = 161C2E411B0CBFC8009F51D1;
					};
				};
			};
			buildConfigurationList = 161C2E3D1B0CBFC8009F51D1 /* Build configuration list for PBXProject "TextFieldEx" */;
			compatibilityVersion = "Xcode 3.2";
			developmentRegion = English;
			hasScannedForEncodings = 0;
			knownRegions = (
				en,
				Base,
			);
			mainGroup = 161C2E391B0CBFC8009F51D1;
			productRefGroup = 161C2E431B0CBFC8009F51D1 /* Products */;
			projectDirPath = "";
			projectRoot = "";
			targets = (
				161C2E411B0CBFC8009F51D1 /* TextFieldEx */,
				161C2E561B0CBFC8009F51D1 /* TextFieldExTests */,
			);
		};
/* End PBXProject section */

/* Begin PBXResourcesBuildPhase section */
		161C2E401B0CBFC8009F51D1 /* Resources */ = {
			isa = PBXResourcesBuildPhase;
			buildActionMask = 2147483647;
			files = (
				161C2E4D1B0CBFC8009F51D1 /* Main.storyboard in Resources */,
				161C2E521B0CBFC8009F51D1 /* LaunchScreen.xib in Resources */,
				161C2E4F1B0CBFC8009F51D1 /* Images.xcassets in Resources */,
			);
			runOnlyForDeploymentPostprocessing = 0;
		};
		161C2E551B0CBFC8009F51D1 /* Resources */ = {
			isa = PBXResourcesBuildPhase;
			buildActionMask = 2147483647;
			files = (
			);
			runOnlyForDeploymentPostprocessing = 0;
		};
/* End PBXResourcesBuildPhase section */

/* Begin PBXSourcesBuildPhase section */
		161C2E3E1B0CBFC8009F51D1 /* Sources */ = {
			isa = PBXSourcesBuildPhase;
			buildActionMask = 2147483647;
			files = (
				161C2E4A1B0CBFC8009F51D1 /* ViewController.swift in Sources */,
				161C2E481B0CBFC8009F51D1 /* AppDelegate.swift in Sources */,
			);
			runOnlyForDeploymentPostprocessing = 0;
		};
		161C2E531B0CBFC8009F51D1 /* Sources */ = {
			isa = PBXSourcesBuildPhase;
			buildActionMask = 2147483647;
			files = (
				161C2E5E1B0CBFC8009F51D1 /* TextFieldExTests.swift in Sources */,
			);
			runOnlyForDeploymentPostprocessing = 0;
		};
/* End PBXSourcesBuildPhase section */

/* Begin PBXTargetDependency section */
		161C2E591B0CBFC8009F51D1 /* PBXTargetDependency */ = {
			isa = PBXTargetDependency;
			target = 161C2E411B0CBFC8009F51D1 /* TextFieldEx */;
			targetProxy = 161C2E581B0CBFC8009F51D1 /* PBXContainerItemProxy */;
		};
/* End PBXTargetDependency section */

/* Begin PBXVariantGroup section */
		161C2E4B1B0CBFC8009F51D1 /* Main.storyboard */ = {
			isa = PBXVariantGroup;
			children = (
				161C2E4C1B0CBFC8009F51D1 /* Base */,
			);
			name = Main.storyboard;
			sourceTree = "<group>";
		};
		161C2E501B0CBFC8009F51D1 /* LaunchScreen.xib */ = {
			isa = PBXVariantGroup;
			children = (
				161C2E511B0CBFC8009F51D1 /* Base */,
			);
			name = LaunchScreen.xib;
			sourceTree = "<group>";
		};
/* End PBXVariantGroup section */

/* Begin XCBuildConfiguration section */
		161C2E5F1B0CBFC8009F51D1 /* Debug */ = {
			isa = XCBuildConfiguration;
			buildSettings = {
				ALWAYS_SEARCH_USER_PATHS = NO;
				CLANG_CXX_LANGUAGE_STANDARD = "gnu++0x";
				CLANG_CXX_LIBRARY = "libc++";
				CLANG_ENABLE_MODULES = YES;
				CLANG_ENABLE_OBJC_ARC = YES;
				CLANG_WARN_BOOL_CONVERSION = YES;
				CLANG_WARN_CONSTANT_CONVERSION = YES;
				CLANG_WARN_DIRECT_OBJC_ISA_USAGE = YES_ERROR;
				CLANG_WARN_EMPTY_BODY = YES;
				CLANG_WARN_ENUM_CONVERSION = YES;
				CLANG_WARN_INT_CONVERSION = YES;
				CLANG_WARN_OBJC_ROOT_CLASS = YES_ERROR;
				CLANG_WARN_UNREACHABLE_CODE = YES;
				CLANG_WARN__DUPLICATE_METHOD_MATCH = YES;
				"CODE_SIGN_IDENTITY[sdk=iphoneos*]" = "iPhone Developer";
				COPY_PHASE_STRIP = NO;
				DEBUG_INFORMATION_FORMAT = "dwarf-with-dsym";
				ENABLE_STRICT_OBJC_MSGSEND = YES;
				GCC_C_LANGUAGE_STANDARD = gnu99;
				GCC_DYNAMIC_NO_PIC = NO;
				GCC_NO_COMMON_BLOCKS = YES;
				GCC_OPTIMIZATION_LEVEL = 0;
				GCC_PREPROCESSOR_DEFINITIONS = (
					"DEBUG=1",
					"$(inherited)",
				);
				GCC_SYMBOLS_PRIVATE_EXTERN = NO;
				GCC_WARN_64_TO_32_BIT_CONVERSION = YES;
				GCC_WARN_ABOUT_RETURN_TYPE = YES_ERROR;
				GCC_WARN_UNDECLARED_SELECTOR = YES;
				GCC_WARN_UNINITIALIZED_AUTOS = YES_AGGRESSIVE;
				GCC_WARN_UNUSED_FUNCTION = YES;
				GCC_WARN_UNUSED_VARIABLE = YES;
				IPHONEOS_DEPLOYMENT_TARGET = 8.3;
				MTL_ENABLE_DEBUG_INFO = YES;
				ONLY_ACTIVE_ARCH = YES;
				SDKROOT = iphoneos;
				SWIFT_OPTIMIZATION_LEVEL = "-Onone";
			};
			name = Debug;
		};
		161C2E601B0CBFC8009F51D1 /* Release */ = {
			isa = XCBuildConfiguration;
			buildSettings = {
				ALWAYS_SEARCH_USER_PATHS = NO;
				CLANG_CXX_LANGUAGE_STANDARD = "gnu++0x";
				CLANG_CXX_LIBRARY = "libc++";
				CLANG_ENABLE_MODULES = YES;
				CLANG_ENABLE_OBJC_ARC = YES;
				CLANG_WARN_BOOL_CONVERSION = YES;
				CLANG_WARN_CONSTANT_CONVERSION = YES;
				CLANG_WARN_DIRECT_OBJC_ISA_USAGE = YES_ERROR;
				CLANG_WARN_EMPTY_BODY = YES;
				CLANG_WARN_ENUM_CONVERSION = YES;
				CLANG_WARN_INT_CONVERSION = YES;
				CLANG_WARN_OBJC_ROOT_CLASS = YES_ERROR;
				CLANG_WARN_UNREACHABLE_CODE = YES;
				CLANG_WARN__DUPLICATE_METHOD_MATCH = YES;
				"CODE_SIGN_IDENTITY[sdk=iphoneos*]" = "iPhone Developer";
				COPY_PHASE_STRIP = NO;
				DEBUG_INFORMATION_FORMAT = "dwarf-with-dsym";
				ENABLE_NS_ASSERTIONS = NO;
				ENABLE_STRICT_OBJC_MSGSEND = YES;
				GCC_C_LANGUAGE_STANDARD = gnu99;
				GCC_NO_COMMON_BLOCKS = YES;
				GCC_WARN_64_TO_32_BIT_CONVERSION = YES;
				GCC_WARN_ABOUT_RETURN_TYPE = YES_ERROR;
				GCC_WARN_UNDECLARED_SELECTOR = YES;
				GCC_WARN_UNINITIALIZED_AUTOS = YES_AGGRESSIVE;
				GCC_WARN_UNUSED_FUNCTION = YES;
				GCC_WARN_UNUSED_VARIABLE = YES;
				IPHONEOS_DEPLOYMENT_TARGET = 8.3;
				MTL_ENABLE_DEBUG_INFO = NO;
				SDKROOT = iphoneos;
				VALIDATE_PRODUCT = YES;
			};
			name = Release;
		};
		161C2E621B0CBFC8009F51D1 /* Debug */ = {
			isa = XCBuildConfiguration;
			buildSettings = {
				ASSETCATALOG_COMPILER_APPICON_NAME = AppIcon;
				INFOPLIST_FILE = TextFieldEx/Info.plist;
				LD_RUNPATH_SEARCH_PATHS = "$(inherited) @executable_path/Frameworks";
				PRODUCT_NAME = "$(TARGET_NAME)";
			};
			name = Debug;
		};
		161C2E631B0CBFC8009F51D1 /* Release */ = {
			isa = XCBuildConfiguration;
			buildSettings = {
				ASSETCATALOG_COMPILER_APPICON_NAME = AppIcon;
				INFOPLIST_FILE = TextFieldEx/Info.plist;
				LD_RUNPATH_SEARCH_PATHS = "$(inherited) @executable_path/Frameworks";
				PRODUCT_NAME = "$(TARGET_NAME)";
			};
			name = Release;
		};
		161C2E651B0CBFC8009F51D1 /* Debug */ = {
			isa = XCBuildConfiguration;
			buildSettings = {
				BUNDLE_LOADER = "$(TEST_HOST)";
				FRAMEWORK_SEARCH_PATHS = (
					"$(SDKROOT)/Developer/Library/Frameworks",
					"$(inherited)",
				);
				GCC_PREPROCESSOR_DEFINITIONS = (
					"DEBUG=1",
					"$(inherited)",
				);
				INFOPLIST_FILE = TextFieldExTests/Info.plist;
				LD_RUNPATH_SEARCH_PATHS = "$(inherited) @executable_path/Frameworks @loader_path/Frameworks";
				PRODUCT_NAME = "$(TARGET_NAME)";
				TEST_HOST = "$(BUILT_PRODUCTS_DIR)/TextFieldEx.app/TextFieldEx";
			};
			name = Debug;
		};
		161C2E661B0CBFC8009F51D1 /* Release */ = {
			isa = XCBuildConfiguration;
			buildSettings = {
				BUNDLE_LOADER = "$(TEST_HOST)";
				FRAMEWORK_SEARCH_PATHS = (
					"$(SDKROOT)/Developer/Library/Frameworks",
					"$(inherited)",
				);
				INFOPLIST_FILE = TextFieldExTests/Info.plist;
				LD_RUNPATH_SEARCH_PATHS = "$(inherited) @executable_path/Frameworks @loader_path/Frameworks";
				PRODUCT_NAME = "$(TARGET_NAME)";
				TEST_HOST = "$(BUILT_PRODUCTS_DIR)/TextFieldEx.app/TextFieldEx";
			};
			name = Release;
		};
/* End XCBuildConfiguration section */

/* Begin XCConfigurationList section */
		161C2E3D1B0CBFC8009F51D1 /* Build configuration list for PBXProject "TextFieldEx" */ = {
			isa = XCConfigurationList;
			buildConfigurations = (
				161C2E5F1B0CBFC8009F51D1 /* Debug */,
				161C2E601B0CBFC8009F51D1 /* Release */,
			);
			defaultConfigurationIsVisible = 0;
			defaultConfigurationName = Release;
		};
		161C2E611B0CBFC8009F51D1 /* Build configuration list for PBXNativeTarget "TextFieldEx" */ = {
			isa = XCConfigurationList;
			buildConfigurations = (
				161C2E621B0CBFC8009F51D1 /* Debug */,
				161C2E631B0CBFC8009F51D1 /* Release */,
			);
			defaultConfigurationIsVisible = 0;
		};
		161C2E641B0CBFC8009F51D1 /* Build configuration list for PBXNativeTarget "TextFieldExTests" */ = {
			isa = XCConfigurationList;
			buildConfigurations = (
				161C2E651B0CBFC8009F51D1 /* Debug */,
				161C2E661B0CBFC8009F51D1 /* Release */,
			);
			defaultConfigurationIsVisible = 0;
		};
/* End XCConfigurationList section */
	};
	rootObject = 161C2E3A1B0CBFC8009F51D1 /* Project object */;
}
